
Microsoft Visual Studio Solution File, Format Version 12.00
# Visual Studio Version 16
VisualStudioVersion = 16.0.33529.622
MinimumVisualStudioVersion = 10.0.40219.1
Project("{FAE04EC0-301F-11D3-BF4B-00C04F79EFBC}") = "MentalHealthManagmentSystem", "MentalHealthManagmentSystem\MentalHealthManagmentSystem.csproj", "{106A7D18-3193-491D-B2C4-CAD8127EA3CC}"
EndProject
Global
	GlobalSection(SolutionConfigurationPlatforms) = preSolution
		Debug|Any CPU = Debug|Any CPU
		Release|Any CPU = Release|Any CPU
	EndGlobalSection
	GlobalSection(ProjectConfigurationPlatforms) = postSolution
		{106A7D18-3193-491D-B2C4-CAD8127EA3CC}.Debug|Any CPU.ActiveCfg = Debug|Any CPU
		{106A7D18-3193-491D-B2C4-CAD8127EA3CC}.Debug|Any CPU.Build.0 = Debug|Any CPU
		{106A7D18-3193-491D-B2C4-CAD8127EA3CC}.Release|Any CPU.ActiveCfg = Release|Any CPU
		{106A7D18-3193-491D-B2C4-CAD8127EA3CC}.Release|Any CPU.Build.0 = Release|Any CPU
	EndGlobalSection
	GlobalSection(SolutionProperties) = preSolution
		HideSolutionNode = FALSE
	EndGlobalSection
	GlobalSection(ExtensibilityGlobals) = postSolution
		SolutionGuid = {DCFA87FE-056C-41F4-9BCC-D32B5C6CD76A}
	EndGlobalSection
EndGlobal
